{
  "requires": true,
  "lockfileVersion": 1,
  "dependencies": {
    "@lit/reactive-element": {
      "version": "1.3.1",
      "resolved": "https://registry.npmjs.org/@lit/reactive-element/-/reactive-element-1.3.1.tgz",
      "integrity": "sha512-nOJARIr3pReqK3hfFCSW2Zg/kFcFsSAlIE7z4a0C9D2dPrgD/YSn3ZP2ET/rxKB65SXyG7jJbkynBRm+tGlacw=="
    },
    "@types/trusted-types": {
      "version": "2.0.2",
      "resolved": "https://registry.npmjs.org/@types/trusted-types/-/trusted-types-2.0.2.tgz",
      "integrity": "sha512-F5DIZ36YVLE+PN+Zwws4kJogq47hNgX3Nx6WyDJ3kcplxyke3XIzB8uK5n/Lpm1HBsbGzd6nmGehL8cPekP+Tg=="
    },
    "axios": {
      "version": "0.26.1",
      "resolved": "https://registry.npmjs.org/axios/-/axios-0.26.1.tgz",
      "integrity": "sha512-fPwcX4EvnSHuInCMItEhAGnaSEXRBjtzh9fOtsE6E1G6p7vl7edEeZe11QHf18+6+9gR5PbKV/sGKNaD8YaMeA==",
      "requires": {
        "follow-redirects": "^1.14.8"
      }
    },
    "follow-redirects": {
      "version": "1.14.9",
      "resolved": "https://registry.npmjs.org/follow-redirects/-/follow-redirects-1.14.9.tgz",
      "integrity": "sha512-MQDfihBQYMcyy5dhRDJUHcw7lb2Pv/TuE6xP1vyraLukNDHKbDxDNaOE3NbCAdKQApno+GPRyo1YAp89yCjK4w=="
    },
    "lit-element": {
      "version": "3.2.0",
      "resolved": "https://registry.npmjs.org/lit-element/-/lit-element-3.2.0.tgz",
      "integrity": "sha512-HbE7yt2SnUtg5DCrWt028oaU4D5F4k/1cntAFHTkzY8ZIa8N0Wmu92PxSxucsQSOXlODFrICkQ5x/tEshKi13g==",
      "requires": {
        "@lit/reactive-element": "^1.3.0",
        "lit-html": "^2.2.0"
      }
    },
    "lit-html": {
      "version": "2.2.1",
      "resolved": "https://registry.npmjs.org/lit-html/-/lit-html-2.2.1.tgz",
      "integrity": "sha512-AiJ/Rs0awjICs2FioTnHSh+Np5dhYSkyRczKy3wKjp8qjLhr1Ov+GiHrUQNdX8ou1LMuznpIME990AZsa/tR8g==",
      "requires": {
        "@types/trusted-types": "^2.0.2"
      }
    }
  }
}
